
Microsoft Visual Studio Solution File, Format Version 12.00
Project("{FAE04EC0-301F-11D3-BF4B-00C04F79EFBC}") = "Application", "Application\Application.csproj", "{536471D9-2447-45B9-BE97-F9769B9A96F0}"
EndProject
Project("{FAE04EC0-301F-11D3-BF4B-00C04F79EFBC}") = "Domain", "Domain\Domain.csproj", "{18D01FAB-11FE-4B25-98AD-408DA2D40210}"
EndProject
Project("{FAE04EC0-301F-11D3-BF4B-00C04F79EFBC}") = "FileData", "FileData\FileData.csproj", "{D97494A5-A18C-410D-8880-1F758EFE429A}"
EndProject
Project("{FAE04EC0-301F-11D3-BF4B-00C04F79EFBC}") = "WebAPI", "WebAPI\WebAPI.csproj", "{4EE5ECDF-7F05-43FF-B1D7-E9F8055EA8E3}"
EndProject
Global
	GlobalSection(SolutionConfigurationPlatforms) = preSolution
		Debug|Any CPU = Debug|Any CPU
		Release|Any CPU = Release|Any CPU
	EndGlobalSection
	GlobalSection(ProjectConfigurationPlatforms) = postSolution
		{536471D9-2447-45B9-BE97-F9769B9A96F0}.Debug|Any CPU.ActiveCfg = Debug|Any CPU
		{536471D9-2447-45B9-BE97-F9769B9A96F0}.Debug|Any CPU.Build.0 = Debug|Any CPU
		{536471D9-2447-45B9-BE97-F9769B9A96F0}.Release|Any CPU.ActiveCfg = Release|Any CPU
		{536471D9-2447-45B9-BE97-F9769B9A96F0}.Release|Any CPU.Build.0 = Release|Any CPU
		{18D01FAB-11FE-4B25-98AD-408DA2D40210}.Debug|Any CPU.ActiveCfg = Debug|Any CPU
		{18D01FAB-11FE-4B25-98AD-408DA2D40210}.Debug|Any CPU.Build.0 = Debug|Any CPU
		{18D01FAB-11FE-4B25-98AD-408DA2D40210}.Release|Any CPU.ActiveCfg = Release|Any CPU
		{18D01FAB-11FE-4B25-98AD-408DA2D40210}.Release|Any CPU.Build.0 = Release|Any CPU
		{D97494A5-A18C-410D-8880-1F758EFE429A}.Debug|Any CPU.ActiveCfg = Debug|Any CPU
		{D97494A5-A18C-410D-8880-1F758EFE429A}.Debug|Any CPU.Build.0 = Debug|Any CPU
		{D97494A5-A18C-410D-8880-1F758EFE429A}.Release|Any CPU.ActiveCfg = Release|Any CPU
		{D97494A5-A18C-410D-8880-1F758EFE429A}.Release|Any CPU.Build.0 = Release|Any CPU
		{4EE5ECDF-7F05-43FF-B1D7-E9F8055EA8E3}.Debug|Any CPU.ActiveCfg = Debug|Any CPU
		{4EE5ECDF-7F05-43FF-B1D7-E9F8055EA8E3}.Debug|Any CPU.Build.0 = Debug|Any CPU
		{4EE5ECDF-7F05-43FF-B1D7-E9F8055EA8E3}.Release|Any CPU.ActiveCfg = Release|Any CPU
		{4EE5ECDF-7F05-43FF-B1D7-E9F8055EA8E3}.Release|Any CPU.Build.0 = Release|Any CPU
	EndGlobalSection
EndGlobal
